
Microsoft Visual Studio Solution File, Format Version 12.00
# Visual Studio Version 16
VisualStudioVersion = 16.0.31624.102
MinimumVisualStudioVersion = 10.0.40219.1
Project("{FAE04EC0-301F-11D3-BF4B-00C04F79EFBC}") = "PR_18.02_List", "PR_18.02_List\PR_18.02_List.csproj", "{598567CA-E1A9-48B9-95BC-E01411479F08}"
EndProject
Global
	GlobalSection(SolutionConfigurationPlatforms) = preSolution
		Debug|Any CPU = Debug|Any CPU
		Release|Any CPU = Release|Any CPU
	EndGlobalSection
	GlobalSection(ProjectConfigurationPlatforms) = postSolution
		{598567CA-E1A9-48B9-95BC-E01411479F08}.Debug|Any CPU.ActiveCfg = Debug|Any CPU
		{598567CA-E1A9-48B9-95BC-E01411479F08}.Debug|Any CPU.Build.0 = Debug|Any CPU
		{598567CA-E1A9-48B9-95BC-E01411479F08}.Release|Any CPU.ActiveCfg = Release|Any CPU
		{598567CA-E1A9-48B9-95BC-E01411479F08}.Release|Any CPU.Build.0 = Release|Any CPU
	EndGlobalSection
	GlobalSection(SolutionProperties) = preSolution
		HideSolutionNode = FALSE
	EndGlobalSection
	GlobalSection(ExtensibilityGlobals) = postSolution
		SolutionGuid = {627E8AFA-34BE-4409-9CAF-F0C4307310C1}
	EndGlobalSection
EndGlobal
